
Microsoft Visual Studio Solution File, Format Version 12.00
# Visual Studio Version 16
VisualStudioVersion = 16.0.30717.126
MinimumVisualStudioVersion = 10.0.40219.1
Project("{FAE04EC0-301F-11D3-BF4B-00C04F79EFBC}") = "Grafos", "Grafos.csproj", "{4E98938D-8B05-4877-B621-3B7AAE156527}"
EndProject
Project("{FAE04EC0-301F-11D3-BF4B-00C04F79EFBC}") = "GrafoTopologico", "..\GrafoTopologico\GrafoTopologico.csproj", "{6AFBF844-237D-48B7-AA83-79EA48324C4D}"
EndProject
Global
	GlobalSection(SolutionConfigurationPlatforms) = preSolution
		Debug|Any CPU = Debug|Any CPU
		Release|Any CPU = Release|Any CPU
	EndGlobalSection
	GlobalSection(ProjectConfigurationPlatforms) = postSolution
		{4E98938D-8B05-4877-B621-3B7AAE156527}.Debug|Any CPU.ActiveCfg = Debug|Any CPU
		{4E98938D-8B05-4877-B621-3B7AAE156527}.Debug|Any CPU.Build.0 = Debug|Any CPU
		{4E98938D-8B05-4877-B621-3B7AAE156527}.Release|Any CPU.ActiveCfg = Release|Any CPU
		{4E98938D-8B05-4877-B621-3B7AAE156527}.Release|Any CPU.Build.0 = Release|Any CPU
		{6AFBF844-237D-48B7-AA83-79EA48324C4D}.Debug|Any CPU.ActiveCfg = Debug|Any CPU
		{6AFBF844-237D-48B7-AA83-79EA48324C4D}.Debug|Any CPU.Build.0 = Debug|Any CPU
		{6AFBF844-237D-48B7-AA83-79EA48324C4D}.Release|Any CPU.ActiveCfg = Release|Any CPU
		{6AFBF844-237D-48B7-AA83-79EA48324C4D}.Release|Any CPU.Build.0 = Release|Any CPU
	EndGlobalSection
	GlobalSection(SolutionProperties) = preSolution
		HideSolutionNode = FALSE
	EndGlobalSection
	GlobalSection(ExtensibilityGlobals) = postSolution
		SolutionGuid = {5D0BE44F-6F3A-4532-951C-193D2CA776C2}
	EndGlobalSection
EndGlobal
